
Microsoft Visual Studio Solution File, Format Version 12.00
# Visual Studio Version 17
VisualStudioVersion = 17.11.35222.181
MinimumVisualStudioVersion = 10.0.40219.1
Project("{9A19103F-16F7-4668-BE54-9A1E7A4F7556}") = "MFA-The Application", "MFA-The Application.csproj", "{6A1401D5-4B29-4997-BDF9-DE434257EC55}"
EndProject
Project("{2150E333-8FDC-42A3-9474-1A3956D46DE8}") = "Solution Items", "Solution Items", "{C7ACC826-F50F-47DF-94A8-0349F8529576}"
EndProject
Global
	GlobalSection(SolutionConfigurationPlatforms) = preSolution
		Debug|Any CPU = Debug|Any CPU
		Release|Any CPU = Release|Any CPU
	EndGlobalSection
	GlobalSection(ProjectConfigurationPlatforms) = postSolution
		{6A1401D5-4B29-4997-BDF9-DE434257EC55}.Debug|Any CPU.ActiveCfg = Debug|Any CPU
		{6A1401D5-4B29-4997-BDF9-DE434257EC55}.Debug|Any CPU.Build.0 = Debug|Any CPU
		{6A1401D5-4B29-4997-BDF9-DE434257EC55}.Debug|Any CPU.Deploy.0 = Debug|Any CPU
		{6A1401D5-4B29-4997-BDF9-DE434257EC55}.Release|Any CPU.ActiveCfg = Release|Any CPU
		{6A1401D5-4B29-4997-BDF9-DE434257EC55}.Release|Any CPU.Build.0 = Release|Any CPU
		{6A1401D5-4B29-4997-BDF9-DE434257EC55}.Release|Any CPU.Deploy.0 = Release|Any CPU
	EndGlobalSection
	GlobalSection(SolutionProperties) = preSolution
		HideSolutionNode = FALSE
	EndGlobalSection
	GlobalSection(ExtensibilityGlobals) = postSolution
		SolutionGuid = {11D3313A-C5D1-42E2-B884-07A922A77777}
	EndGlobalSection
EndGlobal
